
Microsoft Visual Studio Solution File, Format Version 12.00
# Visual Studio Version 16
VisualStudioVersion = 16.0.31624.102
MinimumVisualStudioVersion = 10.0.40219.1
Project("{FAE04EC0-301F-11D3-BF4B-00C04F79EFBC}") = "Pproject4SDA", "Pproject4SDA\Pproject4SDA.csproj", "{E810BF48-5BCE-432C-A4CB-B293BA2C3A6C}"
EndProject
Project("{FAE04EC0-301F-11D3-BF4B-00C04F79EFBC}") = "TestProject1", "TestProject1\TestProject1.csproj", "{C688CD37-A6CC-47B2-95A2-CBAD19DC0138}"
EndProject
Global
	GlobalSection(SolutionConfigurationPlatforms) = preSolution
		Debug|Any CPU = Debug|Any CPU
		Release|Any CPU = Release|Any CPU
	EndGlobalSection
	GlobalSection(ProjectConfigurationPlatforms) = postSolution
		{E810BF48-5BCE-432C-A4CB-B293BA2C3A6C}.Debug|Any CPU.ActiveCfg = Debug|Any CPU
		{E810BF48-5BCE-432C-A4CB-B293BA2C3A6C}.Debug|Any CPU.Build.0 = Debug|Any CPU
		{E810BF48-5BCE-432C-A4CB-B293BA2C3A6C}.Release|Any CPU.ActiveCfg = Release|Any CPU
		{E810BF48-5BCE-432C-A4CB-B293BA2C3A6C}.Release|Any CPU.Build.0 = Release|Any CPU
		{C688CD37-A6CC-47B2-95A2-CBAD19DC0138}.Debug|Any CPU.ActiveCfg = Debug|Any CPU
		{C688CD37-A6CC-47B2-95A2-CBAD19DC0138}.Debug|Any CPU.Build.0 = Debug|Any CPU
		{C688CD37-A6CC-47B2-95A2-CBAD19DC0138}.Release|Any CPU.ActiveCfg = Release|Any CPU
		{C688CD37-A6CC-47B2-95A2-CBAD19DC0138}.Release|Any CPU.Build.0 = Release|Any CPU
	EndGlobalSection
	GlobalSection(SolutionProperties) = preSolution
		HideSolutionNode = FALSE
	EndGlobalSection
	GlobalSection(ExtensibilityGlobals) = postSolution
		SolutionGuid = {3812F44C-84BA-476E-A150-0A5D5790AEA4}
	EndGlobalSection
EndGlobal
